
Microsoft Visual Studio Solution File, Format Version 12.00
# Visual Studio Version 17
VisualStudioVersion = 17.11.35208.52
MinimumVisualStudioVersion = 10.0.40219.1
Project("{FAE04EC0-301F-11D3-BF4B-00C04F79EFBC}") = "autodom", "autodom\autodom.csproj", "{9E8F9A9B-0D7B-4E07-8C3F-8D4BD120BE2C}"
EndProject
Global
	GlobalSection(SolutionConfigurationPlatforms) = preSolution
		Debug|Any CPU = Debug|Any CPU
		Release|Any CPU = Release|Any CPU
	EndGlobalSection
	GlobalSection(ProjectConfigurationPlatforms) = postSolution
		{9E8F9A9B-0D7B-4E07-8C3F-8D4BD120BE2C}.Debug|Any CPU.ActiveCfg = Debug|Any CPU
		{9E8F9A9B-0D7B-4E07-8C3F-8D4BD120BE2C}.Debug|Any CPU.Build.0 = Debug|Any CPU
		{9E8F9A9B-0D7B-4E07-8C3F-8D4BD120BE2C}.Release|Any CPU.ActiveCfg = Release|Any CPU
		{9E8F9A9B-0D7B-4E07-8C3F-8D4BD120BE2C}.Release|Any CPU.Build.0 = Release|Any CPU
	EndGlobalSection
	GlobalSection(SolutionProperties) = preSolution
		HideSolutionNode = FALSE
	EndGlobalSection
	GlobalSection(ExtensibilityGlobals) = postSolution
		SolutionGuid = {0DFD5C36-D782-41A9-A9A7-FA1E8399EBC9}
	EndGlobalSection
EndGlobal
