
Microsoft Visual Studio Solution File, Format Version 12.00
# Visual Studio Version 17
VisualStudioVersion = 17.11.35208.52
MinimumVisualStudioVersion = 10.0.40219.1
Project("{9A19103F-16F7-4668-BE54-9A1E7A4F7556}") = "Autodom.AzureFunctions", "Autodom.AzureFunctions\Autodom.AzureFunctions.csproj", "{05F60279-10C9-44E0-A19C-B006DC08268B}"
EndProject
Project("{9A19103F-16F7-4668-BE54-9A1E7A4F7556}") = "Autodom.Core", "Autodom.Core\Autodom.Core.csproj", "{E6C9F15A-57AC-4BDD-BBCF-F5325FDC001B}"
EndProject
Project("{9A19103F-16F7-4668-BE54-9A1E7A4F7556}") = "Autodom.Core.Tests", "Autodom.Core.Tests\Autodom.Core.Tests.csproj", "{16F4EA24-AA87-4F51-9024-5ABB47E82BD7}"
EndProject
Global
	GlobalSection(SolutionConfigurationPlatforms) = preSolution
		Debug|Any CPU = Debug|Any CPU
		Release|Any CPU = Release|Any CPU
	EndGlobalSection
	GlobalSection(ProjectConfigurationPlatforms) = postSolution
		{05F60279-10C9-44E0-A19C-B006DC08268B}.Debug|Any CPU.ActiveCfg = Debug|Any CPU
		{05F60279-10C9-44E0-A19C-B006DC08268B}.Debug|Any CPU.Build.0 = Debug|Any CPU
		{05F60279-10C9-44E0-A19C-B006DC08268B}.Release|Any CPU.ActiveCfg = Release|Any CPU
		{05F60279-10C9-44E0-A19C-B006DC08268B}.Release|Any CPU.Build.0 = Release|Any CPU
		{E6C9F15A-57AC-4BDD-BBCF-F5325FDC001B}.Debug|Any CPU.ActiveCfg = Debug|Any CPU
		{E6C9F15A-57AC-4BDD-BBCF-F5325FDC001B}.Debug|Any CPU.Build.0 = Debug|Any CPU
		{E6C9F15A-57AC-4BDD-BBCF-F5325FDC001B}.Release|Any CPU.ActiveCfg = Release|Any CPU
		{E6C9F15A-57AC-4BDD-BBCF-F5325FDC001B}.Release|Any CPU.Build.0 = Release|Any CPU
		{16F4EA24-AA87-4F51-9024-5ABB47E82BD7}.Debug|Any CPU.ActiveCfg = Debug|Any CPU
		{16F4EA24-AA87-4F51-9024-5ABB47E82BD7}.Debug|Any CPU.Build.0 = Debug|Any CPU
		{16F4EA24-AA87-4F51-9024-5ABB47E82BD7}.Release|Any CPU.ActiveCfg = Release|Any CPU
		{16F4EA24-AA87-4F51-9024-5ABB47E82BD7}.Release|Any CPU.Build.0 = Release|Any CPU
	EndGlobalSection
	GlobalSection(SolutionProperties) = preSolution
		HideSolutionNode = FALSE
	EndGlobalSection
	GlobalSection(ExtensibilityGlobals) = postSolution
		SolutionGuid = {0DFD5C36-D782-41A9-A9A7-FA1E8399EBC9}
	EndGlobalSection
EndGlobal
